
Microsoft Visual Studio Solution File, Format Version 12.00
# Visual Studio 15
VisualStudioVersion = 15.0.28010.2019
MinimumVisualStudioVersion = 10.0.40219.1
Project("{FAE04EC0-301F-11D3-BF4B-00C04F79EFBC}") = "UCLWebApp", "UCLWebApp\UCLWebApp.csproj", "{FA55374B-357C-40C0-8117-3C2C32B48D63}"
EndProject
Global
	GlobalSection(SolutionConfigurationPlatforms) = preSolution
		Debug|Any CPU = Debug|Any CPU
		Release|Any CPU = Release|Any CPU
	EndGlobalSection
	GlobalSection(ProjectConfigurationPlatforms) = postSolution
		{FA55374B-357C-40C0-8117-3C2C32B48D63}.Debug|Any CPU.ActiveCfg = Debug|Any CPU
		{FA55374B-357C-40C0-8117-3C2C32B48D63}.Debug|Any CPU.Build.0 = Debug|Any CPU
		{FA55374B-357C-40C0-8117-3C2C32B48D63}.Release|Any CPU.ActiveCfg = Release|Any CPU
		{FA55374B-357C-40C0-8117-3C2C32B48D63}.Release|Any CPU.Build.0 = Release|Any CPU
	EndGlobalSection
	GlobalSection(SolutionProperties) = preSolution
		HideSolutionNode = FALSE
	EndGlobalSection
	GlobalSection(ExtensibilityGlobals) = postSolution
		SolutionGuid = {3F7AEEF5-005D-4001-B61C-B91DEECBFAB5}
	EndGlobalSection
EndGlobal
